
Microsoft Visual Studio Solution File, Format Version 12.00
# Visual Studio Version 16
VisualStudioVersion = 16.0.29709.97
MinimumVisualStudioVersion = 10.0.40219.1
Project("{9A19103F-16F7-4668-BE54-9A1E7A4F7556}") = "CarRental.MVC", "CarRental.MVC\CarRental.MVC.csproj", "{6F1526C4-A6DD-4791-8366-6B3EFFFF137A}"
EndProject
Project("{FAE04EC0-301F-11D3-BF4B-00C04F79EFBC}") = "CarRental.Domain", "CarRental.Domain\CarRental.Domain.csproj", "{7DC0F4AE-C4E8-4B44-8CA4-759167DA54D1}"
EndProject
Project("{FAE04EC0-301F-11D3-BF4B-00C04F79EFBC}") = "CarRental.Application", "CarRental.Application\CarRental.Application.csproj", "{8AEB4D48-CEAF-4242-883C-A9D5A0E2639D}"
EndProject
Project("{FAE04EC0-301F-11D3-BF4B-00C04F79EFBC}") = "CarRental.Infrastructure", "CarRental.Infrastructure\CarRental.Infrastructure.csproj", "{FA4F3661-EF50-4BCD-A64D-E6977E856067}"
EndProject
Global
	GlobalSection(SolutionConfigurationPlatforms) = preSolution
		Debug|Any CPU = Debug|Any CPU
		Release|Any CPU = Release|Any CPU
	EndGlobalSection
	GlobalSection(ProjectConfigurationPlatforms) = postSolution
		{6F1526C4-A6DD-4791-8366-6B3EFFFF137A}.Debug|Any CPU.ActiveCfg = Debug|Any CPU
		{6F1526C4-A6DD-4791-8366-6B3EFFFF137A}.Debug|Any CPU.Build.0 = Debug|Any CPU
		{6F1526C4-A6DD-4791-8366-6B3EFFFF137A}.Release|Any CPU.ActiveCfg = Release|Any CPU
		{6F1526C4-A6DD-4791-8366-6B3EFFFF137A}.Release|Any CPU.Build.0 = Release|Any CPU
		{7DC0F4AE-C4E8-4B44-8CA4-759167DA54D1}.Debug|Any CPU.ActiveCfg = Debug|Any CPU
		{7DC0F4AE-C4E8-4B44-8CA4-759167DA54D1}.Debug|Any CPU.Build.0 = Debug|Any CPU
		{7DC0F4AE-C4E8-4B44-8CA4-759167DA54D1}.Release|Any CPU.ActiveCfg = Release|Any CPU
		{7DC0F4AE-C4E8-4B44-8CA4-759167DA54D1}.Release|Any CPU.Build.0 = Release|Any CPU
		{8AEB4D48-CEAF-4242-883C-A9D5A0E2639D}.Debug|Any CPU.ActiveCfg = Debug|Any CPU
		{8AEB4D48-CEAF-4242-883C-A9D5A0E2639D}.Debug|Any CPU.Build.0 = Debug|Any CPU
		{8AEB4D48-CEAF-4242-883C-A9D5A0E2639D}.Release|Any CPU.ActiveCfg = Release|Any CPU
		{8AEB4D48-CEAF-4242-883C-A9D5A0E2639D}.Release|Any CPU.Build.0 = Release|Any CPU
		{FA4F3661-EF50-4BCD-A64D-E6977E856067}.Debug|Any CPU.ActiveCfg = Debug|Any CPU
		{FA4F3661-EF50-4BCD-A64D-E6977E856067}.Debug|Any CPU.Build.0 = Debug|Any CPU
		{FA4F3661-EF50-4BCD-A64D-E6977E856067}.Release|Any CPU.ActiveCfg = Release|Any CPU
		{FA4F3661-EF50-4BCD-A64D-E6977E856067}.Release|Any CPU.Build.0 = Release|Any CPU
	EndGlobalSection
	GlobalSection(SolutionProperties) = preSolution
		HideSolutionNode = FALSE
	EndGlobalSection
	GlobalSection(ExtensibilityGlobals) = postSolution
		SolutionGuid = {59B19944-CF33-4090-BFA3-CF7596A6C743}
	EndGlobalSection
EndGlobal
